// !$*UTF8*$!
{
	archiveVersion = 1;
	classes = {
	};
	objectVersion = 46;
	objects = {

/* Begin PBXBuildFile section */
		BF97A58E1DAD8502001BBCCF /* AppDelegate.swift in Sources */ = {isa = PBXBuildFile; fileRef = BF97A58D1DAD8502001BBCCF /* AppDelegate.swift */; };
		BF97A5901DAD8502001BBCCF /* ViewController.swift in Sources */ = {isa = PBXBuildFile; fileRef = BF97A58F1DAD8502001BBCCF /* ViewController.swift */; };
		BF97A5931DAD8502001BBCCF /* Main.storyboard in Resources */ = {isa = PBXBuildFile; fileRef = BF97A5911DAD8502001BBCCF /* Main.storyboard */; };
		BF97A5951DAD8502001BBCCF /* Assets.xcassets in Resources */ = {isa = PBXBuildFile; fileRef = BF97A5941DAD8502001BBCCF /* Assets.xcassets */; };
		BF97A5981DAD8502001BBCCF /* LaunchScreen.storyboard in Resources */ = {isa = PBXBuildFile; fileRef = BF97A5961DAD8502001BBCCF /* LaunchScreen.storyboard */; };
		BF97A5A31DAD8502001BBCCF /* tippyTests.swift in Sources */ = {isa = PBXBuildFile; fileRef = BF97A5A21DAD8502001BBCCF /* tippyTests.swift */; };
		BF97A5AE1DAD8502001BBCCF /* tippyUITests.swift in Sources */ = {isa = PBXBuildFile; fileRef = BF97A5AD1DAD8502001BBCCF /* tippyUITests.swift */; };
/* End PBXBuildFile section */

/* Begin PBXContainerItemProxy section */
		BF97A59F1DAD8502001BBCCF /* PBXContainerItemProxy */ = {
			isa = PBXContainerItemProxy;
			containerPortal = BF97A5821DAD8502001BBCCF /* Project object */;
			proxyType = 1;
			remoteGlobalIDString = BF97A5891DAD8502001BBCCF;
			remoteInfo = tippy;
		};
		BF97A5AA1DAD8502001BBCCF /* PBXContainerItemProxy */ = {
			isa = PBXContainerItemProxy;
			containerPortal = BF97A5821DAD8502001BBCCF /* Project object */;
			proxyType = 1;
			remoteGlobalIDString = BF97A5891DAD8502001BBCCF;
			remoteInfo = tippy;
		};
/* End PBXContainerItemProxy section */

/* Begin PBXFileReference section */
		BF97A58A1DAD8502001BBCCF /* tippy.app */ = {isa = PBXFileReference; explicitFileType = wrapper.application; includeInIndex = 0; path = tippy.app; sourceTree = BUILT_PRODUCTS_DIR; };
		BF97A58D1DAD8502001BBCCF /* AppDelegate.swift */ = {isa = PBXFileReference; lastKnownFileType = sourcecode.swift; path = AppDelegate.swift; sourceTree = "<group>"; };
		BF97A58F1DAD8502001BBCCF /* ViewController.swift */ = {isa = PBXFileReference; lastKnownFileType = sourcecode.swift; path = ViewController.swift; sourceTree = "<group>"; };
		BF97A5921DAD8502001BBCCF /* Base */ = {isa = PBXFileReference; lastKnownFileType = file.storyboard; name = Base; path = Base.lproj/Main.storyboard; sourceTree = "<group>"; };
		BF97A5941DAD8502001BBCCF /* Assets.xcassets */ = {isa = PBXFileReference; lastKnownFileType = folder.assetcatalog; path = Assets.xcassets; sourceTree = "<group>"; };
		BF97A5971DAD8502001BBCCF /* Base */ = {isa = PBXFileReference; lastKnownFileType = file.storyboard; name = Base; path = Base.lproj/LaunchScreen.storyboard; sourceTree = "<group>"; };
		BF97A5991DAD8502001BBCCF /* Info.plist */ = {isa = PBXFileReference; lastKnownFileType = text.plist.xml; path = Info.plist; sourceTree = "<group>"; };
		BF97A59E1DAD8502001BBCCF /* tippyTests.xctest */ = {isa = PBXFileReference; explicitFileType = wrapper.cfbundle; includeInIndex = 0; path = tippyTests.xctest; sourceTree = BUILT_PRODUCTS_DIR; };
		BF97A5A21DAD8502001BBCCF /* tippyTests.swift */ = {isa = PBXFileReference; lastKnownFileType = sourcecode.swift; path = tippyTests.swift; sourceTree = "<group>"; };
		BF97A5A41DAD8502001BBCCF /* Info.plist */ = {isa = PBXFileReference; lastKnownFileType = text.plist.xml; path = Info.plist; sourceTree = "<group>"; };
		BF97A5A91DAD8502001BBCCF /* tippyUITests.xctest */ = {isa = PBXFileReference; explicitFileType = wrapper.cfbundle; includeInIndex = 0; path = tippyUITests.xctest; sourceTree = BUILT_PRODUCTS_DIR; };
		BF97A5AD1DAD8502001BBCCF /* tippyUITests.swift */ = {isa = PBXFileReference; lastKnownFileType = sourcecode.swift; path = tippyUITests.swift; sourceTree = "<group>"; };
		BF97A5AF1DAD8502001BBCCF /* Info.plist */ = {isa = PBXFileReference; lastKnownFileType = text.plist.xml; path = Info.plist; sourceTree = "<group>"; };
/* End PBXFileReference section */

/* Begin PBXFrameworksBuildPhase section */
		BF97A5871DAD8502001BBCCF /* Frameworks */ = {
			isa = PBXFrameworksBuildPhase;
			buildActionMask = 2147483647;
			files = (
			);
			runOnlyForDeploymentPostprocessing = 0;
		};
		BF97A59B1DAD8502001BBCCF /* Frameworks */ = {
			isa = PBXFrameworksBuildPhase;
			buildActionMask = 2147483647;
			files = (
			);
			runOnlyForDeploymentPostprocessing = 0;
		};
		BF97A5A61DAD8502001BBCCF /* Frameworks */ = {
			isa = PBXFrameworksBuildPhase;
			buildActionMask = 2147483647;
			files = (
			);
			runOnlyForDeploymentPostprocessing = 0;
		};
/* End PBXFrameworksBuildPhase section */

/* Begin PBXGroup section */
		BF97A5811DAD8502001BBCCF = {
			isa = PBXGroup;
			children = (
				BF97A58C1DAD8502001BBCCF /* tippy */,
				BF97A5A11DAD8502001BBCCF /* tippyTests */,
				BF97A5AC1DAD8502001BBCCF /* tippyUITests */,
				BF97A58B1DAD8502001BBCCF /* Products */,
			);
			sourceTree = "<group>";
		};
		BF97A58B1DAD8502001BBCCF /* Products */ = {
			isa = PBXGroup;
			children = (
				BF97A58A1DAD8502001BBCCF /* tippy.app */,
				BF97A59E1DAD8502001BBCCF /* tippyTests.xctest */,
				BF97A5A91DAD8502001BBCCF /* tippyUITests.xctest */,
			);
			name = Products;
			sourceTree = "<group>";
		};
		BF97A58C1DAD8502001BBCCF /* tippy */ = {
			isa = PBXGroup;
			children = (
				BF97A58D1DAD8502001BBCCF /* AppDelegate.swift */,
				BF97A58F1DAD8502001BBCCF /* ViewController.swift */,
				BF97A5911DAD8502001BBCCF /* Main.storyboard */,
				BF97A5941DAD8502001BBCCF /* Assets.xcassets */,
				BF97A5961DAD8502001BBCCF /* LaunchScreen.storyboard */,
				BF97A5991DAD8502001BBCCF /* Info.plist */,
			);
			path = tippy;
			sourceTree = "<group>";
		};
		BF97A5A11DAD8502001BBCCF /* tippyTests */ = {
			isa = PBXGroup;
			children = (
				BF97A5A21DAD8502001BBCCF /* tippyTests.swift */,
				BF97A5A41DAD8502001BBCCF /* Info.plist */,
			);
			path = tippyTests;
			sourceTree = "<group>";
		};
		BF97A5AC1DAD8502001BBCCF /* tippyUITests */ = {
			isa = PBXGroup;
			children = (
				BF97A5AD1DAD8502001BBCCF /* tippyUITests.swift */,
				BF97A5AF1DAD8502001BBCCF /* Info.plist */,
			);
			path = tippyUITests;
			sourceTree = "<group>";
		};
/* End PBXGroup section */

/* Begin PBXNativeTarget section */
		BF97A5891DAD8502001BBCCF /* tippy */ = {
			isa = PBXNativeTarget;
			buildConfigurationList = BF97A5B21DAD8502001BBCCF /* Build configuration list for PBXNativeTarget "tippy" */;
			buildPhases = (
				BF97A5861DAD8502001BBCCF /* Sources */,
				BF97A5871DAD8502001BBCCF /* Frameworks */,
				BF97A5881DAD8502001BBCCF /* Resources */,
			);
			buildRules = (
			);
			dependencies = (
			);
			name = tippy;
			productName = tippy;
			productReference = BF97A58A1DAD8502001BBCCF /* tippy.app */;
			productType = "com.apple.product-type.application";
		};
		BF97A59D1DAD8502001BBCCF /* tippyTests */ = {
			isa = PBXNativeTarget;
			buildConfigurationList = BF97A5B51DAD8502001BBCCF /* Build configuration list for PBXNativeTarget "tippyTests" */;
			buildPhases = (
				BF97A59A1DAD8502001BBCCF /* Sources */,
				BF97A59B1DAD8502001BBCCF /* Frameworks */,
				BF97A59C1DAD8502001BBCCF /* Resources */,
			);
			buildRules = (
			);
			dependencies = (
				BF97A5A01DAD8502001BBCCF /* PBXTargetDependency */,
			);
			name = tippyTests;
			productName = tippyTests;
			productReference = BF97A59E1DAD8502001BBCCF /* tippyTests.xctest */;
			productType = "com.apple.product-type.bundle.unit-test";
		};
		BF97A5A81DAD8502001BBCCF /* tippyUITests */ = {
			isa = PBXNativeTarget;
			buildConfigurationList = BF97A5B81DAD8502001BBCCF /* Build configuration list for PBXNativeTarget "tippyUITests" */;
			buildPhases = (
				BF97A5A51DAD8502001BBCCF /* Sources */,
				BF97A5A61DAD8502001BBCCF /* Frameworks */,
				BF97A5A71DAD8502001BBCCF /* Resources */,
			);
			buildRules = (
			);
			dependencies = (
				BF97A5AB1DAD8502001BBCCF /* PBXTargetDependency */,
			);
			name = tippyUITests;
			productName = tippyUITests;
			productReference = BF97A5A91DAD8502001BBCCF /* tippyUITests.xctest */;
			productType = "com.apple.product-type.bundle.ui-testing";
		};
/* End PBXNativeTarget section */

/* Begin PBXProject section */
		BF97A5821DAD8502001BBCCF /* Project object */ = {
			isa = PBXProject;
			attributes = {
				LastSwiftUpdateCheck = 0800;
				LastUpgradeCheck = 0800;
				ORGANIZATIONNAME = alex_liu;
				TargetAttributes = {
					BF97A5891DAD8502001BBCCF = {
						CreatedOnToolsVersion = 8.0;
						ProvisioningStyle = Automatic;
					};
					BF97A59D1DAD8502001BBCCF = {
						CreatedOnToolsVersion = 8.0;
						ProvisioningStyle = Automatic;
						TestTargetID = BF97A5891DAD8502001BBCCF;
					};
					BF97A5A81DAD8502001BBCCF = {
						CreatedOnToolsVersion = 8.0;
						ProvisioningStyle = Automatic;
						TestTargetID = BF97A5891DAD8502001BBCCF;
					};
				};
			};
			buildConfigurationList = BF97A5851DAD8502001BBCCF /* Build configuration list for PBXProject "tippy" */;
			compatibilityVersion = "Xcode 3.2";
			developmentRegion = English;
			hasScannedForEncodings = 0;
			knownRegions = (
				en,
				Base,
			);
			mainGroup = BF97A5811DAD8502001BBCCF;
			productRefGroup = BF97A58B1DAD8502001BBCCF /* Products */;
			projectDirPath = "";
			projectRoot = "";
			targets = (
				BF97A5891DAD8502001BBCCF /* tippy */,
				BF97A59D1DAD8502001BBCCF /* tippyTests */,
				BF97A5A81DAD8502001BBCCF /* tippyUITests */,
			);
		};
/* End PBXProject section */

/* Begin PBXResourcesBuildPhase section */
		BF97A5881DAD8502001BBCCF /* Resources */ = {
			isa = PBXResourcesBuildPhase;
			buildActionMask = 2147483647;
			files = (
				BF97A5981DAD8502001BBCCF /* LaunchScreen.storyboard in Resources */,
				BF97A5951DAD8502001BBCCF /* Assets.xcassets in Resources */,
				BF97A5931DAD8502001BBCCF /* Main.storyboard in Resources */,
			);
			runOnlyForDeploymentPostprocessing = 0;
		};
		BF97A59C1DAD8502001BBCCF /* Resources */ = {
			isa = PBXResourcesBuildPhase;
			buildActionMask = 2147483647;
			files = (
			);
			runOnlyForDeploymentPostprocessing = 0;
		};
		BF97A5A71DAD8502001BBCCF /* Resources */ = {
			isa = PBXResourcesBuildPhase;
			buildActionMask = 2147483647;
			files = (
			);
			runOnlyForDeploymentPostprocessing = 0;
		};
/* End PBXResourcesBuildPhase section */

/* Begin PBXSourcesBuildPhase section */
		BF97A5861DAD8502001BBCCF /* Sources */ = {
			isa = PBXSourcesBuildPhase;
			buildActionMask = 2147483647;
			files = (
				BF97A5901DAD8502001BBCCF /* ViewController.swift in Sources */,
				BF97A58E1DAD8502001BBCCF /* AppDelegate.swift in Sources */,
			);
			runOnlyForDeploymentPostprocessing = 0;
		};
		BF97A59A1DAD8502001BBCCF /* Sources */ = {
			isa = PBXSourcesBuildPhase;
			buildActionMask = 2147483647;
			files = (
				BF97A5A31DAD8502001BBCCF /* tippyTests.swift in Sources */,
			);
			runOnlyForDeploymentPostprocessing = 0;
		};
		BF97A5A51DAD8502001BBCCF /* Sources */ = {
			isa = PBXSourcesBuildPhase;
			buildActionMask = 2147483647;
			files = (
				BF97A5AE1DAD8502001BBCCF /* tippyUITests.swift in Sources */,
			);
			runOnlyForDeploymentPostprocessing = 0;
		};
/* End PBXSourcesBuildPhase section */

/* Begin PBXTargetDependency section */
		BF97A5A01DAD8502001BBCCF /* PBXTargetDependency */ = {
			isa = PBXTargetDependency;
			target = BF97A5891DAD8502001BBCCF /* tippy */;
			targetProxy = BF97A59F1DAD8502001BBCCF /* PBXContainerItemProxy */;
		};
		BF97A5AB1DAD8502001BBCCF /* PBXTargetDependency */ = {
			isa = PBXTargetDependency;
			target = BF97A5891DAD8502001BBCCF /* tippy */;
			targetProxy = BF97A5AA1DAD8502001BBCCF /* PBXContainerItemProxy */;
		};
/* End PBXTargetDependency section */

/* Begin PBXVariantGroup section */
		BF97A5911DAD8502001BBCCF /* Main.storyboard */ = {
			isa = PBXVariantGroup;
			children = (
				BF97A5921DAD8502001BBCCF /* Base */,
			);
			name = Main.storyboard;
			sourceTree = "<group>";
		};
		BF97A5961DAD8502001BBCCF /* LaunchScreen.storyboard */ = {
			isa = PBXVariantGroup;
			children = (
				BF97A5971DAD8502001BBCCF /* Base */,
			);
			name = LaunchScreen.storyboard;
			sourceTree = "<group>";
		};
/* End PBXVariantGroup section */

/* Begin XCBuildConfiguration section */
		BF97A5B01DAD8502001BBCCF /* Debug */ = {
			isa = XCBuildConfiguration;
			buildSettings = {
				ALWAYS_SEARCH_USER_PATHS = NO;
				CLANG_ANALYZER_NONNULL = YES;
				CLANG_CXX_LANGUAGE_STANDARD = "gnu++0x";
				CLANG_CXX_LIBRARY = "libc++";
				CLANG_ENABLE_MODULES = YES;
				CLANG_ENABLE_OBJC_ARC = YES;
				CLANG_WARN_BOOL_CONVERSION = YES;
				CLANG_WARN_CONSTANT_CONVERSION = YES;
				CLANG_WARN_DIRECT_OBJC_ISA_USAGE = YES_ERROR;
				CLANG_WARN_DOCUMENTATION_COMMENTS = YES;
				CLANG_WARN_EMPTY_BODY = YES;
				CLANG_WARN_ENUM_CONVERSION = YES;
				CLANG_WARN_INFINITE_RECURSION = YES;
				CLANG_WARN_INT_CONVERSION = YES;
				CLANG_WARN_OBJC_ROOT_CLASS = YES_ERROR;
				CLANG_WARN_SUSPICIOUS_MOVES = YES;
				CLANG_WARN_UNREACHABLE_CODE = YES;
				CLANG_WARN__DUPLICATE_METHOD_MATCH = YES;
				"CODE_SIGN_IDENTITY[sdk=iphoneos*]" = "iPhone Developer";
				COPY_PHASE_STRIP = NO;
				DEBUG_INFORMATION_FORMAT = dwarf;
				ENABLE_STRICT_OBJC_MSGSEND = YES;
				ENABLE_TESTABILITY = YES;
				GCC_C_LANGUAGE_STANDARD = gnu99;
				GCC_DYNAMIC_NO_PIC = NO;
				GCC_NO_COMMON_BLOCKS = YES;
				GCC_OPTIMIZATION_LEVEL = 0;
				GCC_PREPROCESSOR_DEFINITIONS = (
					"DEBUG=1",
					"$(inherited)",
				);
				GCC_WARN_64_TO_32_BIT_CONVERSION = YES;
				GCC_WARN_ABOUT_RETURN_TYPE = YES_ERROR;
				GCC_WARN_UNDECLARED_SELECTOR = YES;
				GCC_WARN_UNINITIALIZED_AUTOS = YES_AGGRESSIVE;
				GCC_WARN_UNUSED_FUNCTION = YES;
				GCC_WARN_UNUSED_VARIABLE = YES;
				IPHONEOS_DEPLOYMENT_TARGET = 10.0;
				MTL_ENABLE_DEBUG_INFO = YES;
				ONLY_ACTIVE_ARCH = YES;
				SDKROOT = iphoneos;
				SWIFT_ACTIVE_COMPILATION_CONDITIONS = DEBUG;
				SWIFT_OPTIMIZATION_LEVEL = "-Onone";
			};
			name = Debug;
		};
		BF97A5B11DAD8502001BBCCF /* Release */ = {
			isa = XCBuildConfiguration;
			buildSettings = {
				ALWAYS_SEARCH_USER_PATHS = NO;
				CLANG_ANALYZER_NONNULL = YES;
				CLANG_CXX_LANGUAGE_STANDARD = "gnu++0x";
				CLANG_CXX_LIBRARY = "libc++";
				CLANG_ENABLE_MODULES = YES;
				CLANG_ENABLE_OBJC_ARC = YES;
				CLANG_WARN_BOOL_CONVERSION = YES;
				CLANG_WARN_CONSTANT_CONVERSION = YES;
				CLANG_WARN_DIRECT_OBJC_ISA_USAGE = YES_ERROR;
				CLANG_WARN_DOCUMENTATION_COMMENTS = YES;
				CLANG_WARN_EMPTY_BODY = YES;
				CLANG_WARN_ENUM_CONVERSION = YES;
				CLANG_WARN_INFINITE_RECURSION = YES;
				CLANG_WARN_INT_CONVERSION = YES;
				CLANG_WARN_OBJC_ROOT_CLASS = YES_ERROR;
				CLANG_WARN_SUSPICIOUS_MOVES = YES;
				CLANG_WARN_UNREACHABLE_CODE = YES;
				CLANG_WARN__DUPLICATE_METHOD_MATCH = YES;
				"CODE_SIGN_IDENTITY[sdk=iphoneos*]" = "iPhone Developer";
				COPY_PHASE_STRIP = NO;
				DEBUG_INFORMATION_FORMAT = "dwarf-with-dsym";
				ENABLE_NS_ASSERTIONS = NO;
				ENABLE_STRICT_OBJC_MSGSEND = YES;
				GCC_C_LANGUAGE_STANDARD = gnu99;
				GCC_NO_COMMON_BLOCKS = YES;
				GCC_WARN_64_TO_32_BIT_CONVERSION = YES;
				GCC_WARN_ABOUT_RETURN_TYPE = YES_ERROR;
				GCC_WARN_UNDECLARED_SELECTOR = YES;
				GCC_WARN_UNINITIALIZED_AUTOS = YES_AGGRESSIVE;
				GCC_WARN_UNUSED_FUNCTION = YES;
				GCC_WARN_UNUSED_VARIABLE = YES;
				IPHONEOS_DEPLOYMENT_TARGET = 10.0;
				MTL_ENABLE_DEBUG_INFO = NO;
				SDKROOT = iphoneos;
				SWIFT_OPTIMIZATION_LEVEL = "-Owholemodule";
				VALIDATE_PRODUCT = YES;
			};
			name = Release;
		};
		BF97A5B31DAD8502001BBCCF /* Debug */ = {
			isa = XCBuildConfiguration;
			buildSettings = {
				ASSETCATALOG_COMPILER_APPICON_NAME = AppIcon;
				INFOPLIST_FILE = tippy/Info.plist;
				LD_RUNPATH_SEARCH_PATHS = "$(inherited) @executable_path/Frameworks";
				PRODUCT_BUNDLE_IDENTIFIER = com.cpwork.tippy;
				PRODUCT_NAME = "$(TARGET_NAME)";
				SWIFT_VERSION = 3.0;
			};
			name = Debug;
		};
		BF97A5B41DAD8502001BBCCF /* Release */ = {
			isa = XCBuildConfiguration;
			buildSettings = {
				ASSETCATALOG_COMPILER_APPICON_NAME = AppIcon;
				INFOPLIST_FILE = tippy/Info.plist;
				LD_RUNPATH_SEARCH_PATHS = "$(inherited) @executable_path/Frameworks";
				PRODUCT_BUNDLE_IDENTIFIER = com.cpwork.tippy;
				PRODUCT_NAME = "$(TARGET_NAME)";
				SWIFT_VERSION = 3.0;
			};
			name = Release;
		};
		BF97A5B61DAD8502001BBCCF /* Debug */ = {
			isa = XCBuildConfiguration;
			buildSettings = {
				ALWAYS_EMBED_SWIFT_STANDARD_LIBRARIES = YES;
				BUNDLE_LOADER = "$(TEST_HOST)";
				INFOPLIST_FILE = tippyTests/Info.plist;
				LD_RUNPATH_SEARCH_PATHS = "$(inherited) @executable_path/Frameworks @loader_path/Frameworks";
				PRODUCT_BUNDLE_IDENTIFIER = com.cpwork.tippyTests;
				PRODUCT_NAME = "$(TARGET_NAME)";
				SWIFT_VERSION = 3.0;
				TEST_HOST = "$(BUILT_PRODUCTS_DIR)/tippy.app/tippy";
			};
			name = Debug;
		};
		BF97A5B71DAD8502001BBCCF /* Release */ = {
			isa = XCBuildConfiguration;
			buildSettings = {
				ALWAYS_EMBED_SWIFT_STANDARD_LIBRARIES = YES;
				BUNDLE_LOADER = "$(TEST_HOST)";
				INFOPLIST_FILE = tippyTests/Info.plist;
				LD_RUNPATH_SEARCH_PATHS = "$(inherited) @executable_path/Frameworks @loader_path/Frameworks";
				PRODUCT_BUNDLE_IDENTIFIER = com.cpwork.tippyTests;
				PRODUCT_NAME = "$(TARGET_NAME)";
				SWIFT_VERSION = 3.0;
				TEST_HOST = "$(BUILT_PRODUCTS_DIR)/tippy.app/tippy";
			};
			name = Release;
		};
		BF97A5B91DAD8502001BBCCF /* Debug */ = {
			isa = XCBuildConfiguration;
			buildSettings = {
				ALWAYS_EMBED_SWIFT_STANDARD_LIBRARIES = YES;
				INFOPLIST_FILE = tippyUITests/Info.plist;
				LD_RUNPATH_SEARCH_PATHS = "$(inherited) @executable_path/Frameworks @loader_path/Frameworks";
				PRODUCT_BUNDLE_IDENTIFIER = com.cpwork.tippyUITests;
				PRODUCT_NAME = "$(TARGET_NAME)";
				SWIFT_VERSION = 3.0;
				TEST_TARGET_NAME = tippy;
			};
			name = Debug;
		};
		BF97A5BA1DAD8502001BBCCF /* Release */ = {
			isa = XCBuildConfiguration;
			buildSettings = {
				ALWAYS_EMBED_SWIFT_STANDARD_LIBRARIES = YES;
				INFOPLIST_FILE = tippyUITests/Info.plist;
				LD_RUNPATH_SEARCH_PATHS = "$(inherited) @executable_path/Frameworks @loader_path/Frameworks";
				PRODUCT_BUNDLE_IDENTIFIER = com.cpwork.tippyUITests;
				PRODUCT_NAME = "$(TARGET_NAME)";
				SWIFT_VERSION = 3.0;
				TEST_TARGET_NAME = tippy;
			};
			name = Release;
		};
/* End XCBuildConfiguration section */

/* Begin XCConfigurationList section */
		BF97A5851DAD8502001BBCCF /* Build configuration list for PBXProject "tippy" */ = {
			isa = XCConfigurationList;
			buildConfigurations = (
				BF97A5B01DAD8502001BBCCF /* Debug */,
				BF97A5B11DAD8502001BBCCF /* Release */,
			);
			defaultConfigurationIsVisible = 0;
			defaultConfigurationName = Release;
		};
		BF97A5B21DAD8502001BBCCF /* Build configuration list for PBXNativeTarget "tippy" */ = {
			isa = XCConfigurationList;
			buildConfigurations = (
				BF97A5B31DAD8502001BBCCF /* Debug */,
				BF97A5B41DAD8502001BBCCF /* Release */,
			);
			defaultConfigurationIsVisible = 0;
		};
		BF97A5B51DAD8502001BBCCF /* Build configuration list for PBXNativeTarget "tippyTests" */ = {
			isa = XCConfigurationList;
			buildConfigurations = (
				BF97A5B61DAD8502001BBCCF /* Debug */,
				BF97A5B71DAD8502001BBCCF /* Release */,
			);
			defaultConfigurationIsVisible = 0;
		};
		BF97A5B81DAD8502001BBCCF /* Build configuration list for PBXNativeTarget "tippyUITests" */ = {
			isa = XCConfigurationList;
			buildConfigurations = (
				BF97A5B91DAD8502001BBCCF /* Debug */,
				BF97A5BA1DAD8502001BBCCF /* Release */,
			);
			defaultConfigurationIsVisible = 0;
		};
/* End XCConfigurationList section */
	};
	rootObject = BF97A5821DAD8502001BBCCF /* Project object */;
}
